// !$*UTF8*$!
{
	archiveVersion = 1;
	classes = {
	};
	objectVersion = 50;
	objects = {

/* Begin PBXBuildFile section */
		1ED06F2125E4D47C007D333B /* StudentsViewController.swift in Sources */ = {isa = PBXBuildFile; fileRef = 1ED06F2025E4D47C007D333B /* StudentsViewController.swift */; };
		1ED06F2625E4D48A007D333B /* StudentsViewController.storyboard in Resources */ = {isa = PBXBuildFile; fileRef = 1ED06F2525E4D48A007D333B /* StudentsViewController.storyboard */; };
		1EE3772325CB2643006DD12B /* AppDelegate.swift in Sources */ = {isa = PBXBuildFile; fileRef = 1EE3772225CB2643006DD12B /* AppDelegate.swift */; };
		1EE3772525CB2643006DD12B /* SceneDelegate.swift in Sources */ = {isa = PBXBuildFile; fileRef = 1EE3772425CB2643006DD12B /* SceneDelegate.swift */; };
		1EE3772725CB2643006DD12B /* ViewController.swift in Sources */ = {isa = PBXBuildFile; fileRef = 1EE3772625CB2643006DD12B /* ViewController.swift */; };
		1EE3772A25CB2643006DD12B /* Main.storyboard in Resources */ = {isa = PBXBuildFile; fileRef = 1EE3772825CB2643006DD12B /* Main.storyboard */; };
		1EE3772C25CB2644006DD12B /* Assets.xcassets in Resources */ = {isa = PBXBuildFile; fileRef = 1EE3772B25CB2644006DD12B /* Assets.xcassets */; };
		1EE3772F25CB2644006DD12B /* LaunchScreen.storyboard in Resources */ = {isa = PBXBuildFile; fileRef = 1EE3772D25CB2644006DD12B /* LaunchScreen.storyboard */; };
		1EE3773A25CB2644006DD12B /* AccessibilityTaskTests.swift in Sources */ = {isa = PBXBuildFile; fileRef = 1EE3773925CB2644006DD12B /* AccessibilityTaskTests.swift */; };
		1EE3774525CB2644006DD12B /* AccessibilityTaskUITests.swift in Sources */ = {isa = PBXBuildFile; fileRef = 1EE3774425CB2644006DD12B /* AccessibilityTaskUITests.swift */; };
		43A15617267003B400CC7E12 /* Localizable.stringsdict in Resources */ = {isa = PBXBuildFile; fileRef = 43A15616267003B400CC7E12 /* Localizable.stringsdict */; };
/* End PBXBuildFile section */

/* Begin PBXContainerItemProxy section */
		1EE3773625CB2644006DD12B /* PBXContainerItemProxy */ = {
			isa = PBXContainerItemProxy;
			containerPortal = 1EE3771725CB2643006DD12B /* Project object */;
			proxyType = 1;
			remoteGlobalIDString = 1EE3771E25CB2643006DD12B;
			remoteInfo = AccessibilityTask;
		};
		1EE3774125CB2644006DD12B /* PBXContainerItemProxy */ = {
			isa = PBXContainerItemProxy;
			containerPortal = 1EE3771725CB2643006DD12B /* Project object */;
			proxyType = 1;
			remoteGlobalIDString = 1EE3771E25CB2643006DD12B;
			remoteInfo = AccessibilityTask;
		};
/* End PBXContainerItemProxy section */

/* Begin PBXFileReference section */
		1ED06F2025E4D47C007D333B /* StudentsViewController.swift */ = {isa = PBXFileReference; lastKnownFileType = sourcecode.swift; path = StudentsViewController.swift; sourceTree = "<group>"; };
		1ED06F2525E4D48A007D333B /* StudentsViewController.storyboard */ = {isa = PBXFileReference; lastKnownFileType = file.storyboard; path = StudentsViewController.storyboard; sourceTree = "<group>"; };
		1EE3771F25CB2643006DD12B /* AccessibilityTask.app */ = {isa = PBXFileReference; explicitFileType = wrapper.application; includeInIndex = 0; path = AccessibilityTask.app; sourceTree = BUILT_PRODUCTS_DIR; };
		1EE3772225CB2643006DD12B /* AppDelegate.swift */ = {isa = PBXFileReference; lastKnownFileType = sourcecode.swift; path = AppDelegate.swift; sourceTree = "<group>"; };
		1EE3772425CB2643006DD12B /* SceneDelegate.swift */ = {isa = PBXFileReference; lastKnownFileType = sourcecode.swift; path = SceneDelegate.swift; sourceTree = "<group>"; };
		1EE3772625CB2643006DD12B /* ViewController.swift */ = {isa = PBXFileReference; lastKnownFileType = sourcecode.swift; path = ViewController.swift; sourceTree = "<group>"; };
		1EE3772925CB2643006DD12B /* Base */ = {isa = PBXFileReference; lastKnownFileType = file.storyboard; name = Base; path = Base.lproj/Main.storyboard; sourceTree = "<group>"; };
		1EE3772B25CB2644006DD12B /* Assets.xcassets */ = {isa = PBXFileReference; lastKnownFileType = folder.assetcatalog; path = Assets.xcassets; sourceTree = "<group>"; };
		1EE3772E25CB2644006DD12B /* Base */ = {isa = PBXFileReference; lastKnownFileType = file.storyboard; name = Base; path = Base.lproj/LaunchScreen.storyboard; sourceTree = "<group>"; };
		1EE3773025CB2644006DD12B /* Info.plist */ = {isa = PBXFileReference; lastKnownFileType = text.plist.xml; path = Info.plist; sourceTree = "<group>"; };
		1EE3773525CB2644006DD12B /* AccessibilityTaskTests.xctest */ = {isa = PBXFileReference; explicitFileType = wrapper.cfbundle; includeInIndex = 0; path = AccessibilityTaskTests.xctest; sourceTree = BUILT_PRODUCTS_DIR; };
		1EE3773925CB2644006DD12B /* AccessibilityTaskTests.swift */ = {isa = PBXFileReference; lastKnownFileType = sourcecode.swift; path = AccessibilityTaskTests.swift; sourceTree = "<group>"; };
		1EE3773B25CB2644006DD12B /* Info.plist */ = {isa = PBXFileReference; lastKnownFileType = text.plist.xml; path = Info.plist; sourceTree = "<group>"; };
		1EE3774025CB2644006DD12B /* AccessibilityTaskUITests.xctest */ = {isa = PBXFileReference; explicitFileType = wrapper.cfbundle; includeInIndex = 0; path = AccessibilityTaskUITests.xctest; sourceTree = BUILT_PRODUCTS_DIR; };
		1EE3774425CB2644006DD12B /* AccessibilityTaskUITests.swift */ = {isa = PBXFileReference; lastKnownFileType = sourcecode.swift; path = AccessibilityTaskUITests.swift; sourceTree = "<group>"; };
		1EE3774625CB2644006DD12B /* Info.plist */ = {isa = PBXFileReference; lastKnownFileType = text.plist.xml; path = Info.plist; sourceTree = "<group>"; };
		43A15616267003B400CC7E12 /* Localizable.stringsdict */ = {isa = PBXFileReference; lastKnownFileType = text.plist.stringsdict; path = Localizable.stringsdict; sourceTree = "<group>"; };
/* End PBXFileReference section */

/* Begin PBXFrameworksBuildPhase section */
		1EE3771C25CB2643006DD12B /* Frameworks */ = {
			isa = PBXFrameworksBuildPhase;
			buildActionMask = 2147483647;
			files = (
			);
			runOnlyForDeploymentPostprocessing = 0;
		};
		1EE3773225CB2644006DD12B /* Frameworks */ = {
			isa = PBXFrameworksBuildPhase;
			buildActionMask = 2147483647;
			files = (
			);
			runOnlyForDeploymentPostprocessing = 0;
		};
		1EE3773D25CB2644006DD12B /* Frameworks */ = {
			isa = PBXFrameworksBuildPhase;
			buildActionMask = 2147483647;
			files = (
			);
			runOnlyForDeploymentPostprocessing = 0;
		};
/* End PBXFrameworksBuildPhase section */

/* Begin PBXGroup section */
		1ED06F3025E4D775007D333B /* Students */ = {
			isa = PBXGroup;
			children = (
				1ED06F2025E4D47C007D333B /* StudentsViewController.swift */,
				1ED06F2525E4D48A007D333B /* StudentsViewController.storyboard */,
			);
			path = Students;
			sourceTree = "<group>";
		};
		1ED06F3125E4D78B007D333B /* Default */ = {
			isa = PBXGroup;
			children = (
				1EE3772225CB2643006DD12B /* AppDelegate.swift */,
				1EE3772425CB2643006DD12B /* SceneDelegate.swift */,
				1EE3772B25CB2644006DD12B /* Assets.xcassets */,
				1EE3772D25CB2644006DD12B /* LaunchScreen.storyboard */,
				1EE3773025CB2644006DD12B /* Info.plist */,
			);
			path = Default;
			sourceTree = "<group>";
		};
		1ED06F3B25E4D7E3007D333B /* CopyAndRename */ = {
			isa = PBXGroup;
			children = (
				1EE3772625CB2643006DD12B /* ViewController.swift */,
				43A15616267003B400CC7E12 /* Localizable.stringsdict */,
				1EE3772825CB2643006DD12B /* Main.storyboard */,
			);
			path = CopyAndRename;
			sourceTree = "<group>";
		};
		1EE3771625CB2643006DD12B = {
			isa = PBXGroup;
			children = (
				1EE3772125CB2643006DD12B /* AccessibilityTask */,
				1EE3773825CB2644006DD12B /* AccessibilityTaskTests */,
				1EE3774325CB2644006DD12B /* AccessibilityTaskUITests */,
				1EE3772025CB2643006DD12B /* Products */,
			);
			sourceTree = "<group>";
		};
		1EE3772025CB2643006DD12B /* Products */ = {
			isa = PBXGroup;
			children = (
				1EE3771F25CB2643006DD12B /* AccessibilityTask.app */,
				1EE3773525CB2644006DD12B /* AccessibilityTaskTests.xctest */,
				1EE3774025CB2644006DD12B /* AccessibilityTaskUITests.xctest */,
			);
			name = Products;
			sourceTree = "<group>";
		};
		1EE3772125CB2643006DD12B /* AccessibilityTask */ = {
			isa = PBXGroup;
			children = (
				1ED06F3125E4D78B007D333B /* Default */,
				1ED06F3025E4D775007D333B /* Students */,
				1ED06F3B25E4D7E3007D333B /* CopyAndRename */,
			);
			path = AccessibilityTask;
			sourceTree = "<group>";
		};
		1EE3773825CB2644006DD12B /* AccessibilityTaskTests */ = {
			isa = PBXGroup;
			children = (
				1EE3773925CB2644006DD12B /* AccessibilityTaskTests.swift */,
				1EE3773B25CB2644006DD12B /* Info.plist */,
			);
			path = AccessibilityTaskTests;
			sourceTree = "<group>";
		};
		1EE3774325CB2644006DD12B /* AccessibilityTaskUITests */ = {
			isa = PBXGroup;
			children = (
				1EE3774425CB2644006DD12B /* AccessibilityTaskUITests.swift */,
				1EE3774625CB2644006DD12B /* Info.plist */,
			);
			path = AccessibilityTaskUITests;
			sourceTree = "<group>";
		};
/* End PBXGroup section */

/* Begin PBXNativeTarget section */
		1EE3771E25CB2643006DD12B /* AccessibilityTask */ = {
			isa = PBXNativeTarget;
			buildConfigurationList = 1EE3774925CB2644006DD12B /* Build configuration list for PBXNativeTarget "AccessibilityTask" */;
			buildPhases = (
				1EE3771B25CB2643006DD12B /* Sources */,
				1EE3771C25CB2643006DD12B /* Frameworks */,
				1EE3771D25CB2643006DD12B /* Resources */,
			);
			buildRules = (
			);
			dependencies = (
			);
			name = AccessibilityTask;
			productName = AccessibilityTask;
			productReference = 1EE3771F25CB2643006DD12B /* AccessibilityTask.app */;
			productType = "com.apple.product-type.application";
		};
		1EE3773425CB2644006DD12B /* AccessibilityTaskTests */ = {
			isa = PBXNativeTarget;
			buildConfigurationList = 1EE3774C25CB2644006DD12B /* Build configuration list for PBXNativeTarget "AccessibilityTaskTests" */;
			buildPhases = (
				1EE3773125CB2644006DD12B /* Sources */,
				1EE3773225CB2644006DD12B /* Frameworks */,
				1EE3773325CB2644006DD12B /* Resources */,
			);
			buildRules = (
			);
			dependencies = (
				1EE3773725CB2644006DD12B /* PBXTargetDependency */,
			);
			name = AccessibilityTaskTests;
			productName = AccessibilityTaskTests;
			productReference = 1EE3773525CB2644006DD12B /* AccessibilityTaskTests.xctest */;
			productType = "com.apple.product-type.bundle.unit-test";
		};
		1EE3773F25CB2644006DD12B /* AccessibilityTaskUITests */ = {
			isa = PBXNativeTarget;
			buildConfigurationList = 1EE3774F25CB2644006DD12B /* Build configuration list for PBXNativeTarget "AccessibilityTaskUITests" */;
			buildPhases = (
				1EE3773C25CB2644006DD12B /* Sources */,
				1EE3773D25CB2644006DD12B /* Frameworks */,
				1EE3773E25CB2644006DD12B /* Resources */,
			);
			buildRules = (
			);
			dependencies = (
				1EE3774225CB2644006DD12B /* PBXTargetDependency */,
			);
			name = AccessibilityTaskUITests;
			productName = AccessibilityTaskUITests;
			productReference = 1EE3774025CB2644006DD12B /* AccessibilityTaskUITests.xctest */;
			productType = "com.apple.product-type.bundle.ui-testing";
		};
/* End PBXNativeTarget section */

/* Begin PBXProject section */
		1EE3771725CB2643006DD12B /* Project object */ = {
			isa = PBXProject;
			attributes = {
				LastSwiftUpdateCheck = 1240;
				LastUpgradeCheck = 1240;
				TargetAttributes = {
					1EE3771E25CB2643006DD12B = {
						CreatedOnToolsVersion = 12.4;
					};
					1EE3773425CB2644006DD12B = {
						CreatedOnToolsVersion = 12.4;
						TestTargetID = 1EE3771E25CB2643006DD12B;
					};
					1EE3773F25CB2644006DD12B = {
						CreatedOnToolsVersion = 12.4;
						TestTargetID = 1EE3771E25CB2643006DD12B;
					};
				};
			};
			buildConfigurationList = 1EE3771A25CB2643006DD12B /* Build configuration list for PBXProject "AccessibilityTask" */;
			compatibilityVersion = "Xcode 9.3";
			developmentRegion = en;
			hasScannedForEncodings = 0;
			knownRegions = (
				en,
				Base,
			);
			mainGroup = 1EE3771625CB2643006DD12B;
			productRefGroup = 1EE3772025CB2643006DD12B /* Products */;
			projectDirPath = "";
			projectRoot = "";
			targets = (
				1EE3771E25CB2643006DD12B /* AccessibilityTask */,
				1EE3773425CB2644006DD12B /* AccessibilityTaskTests */,
				1EE3773F25CB2644006DD12B /* AccessibilityTaskUITests */,
			);
		};
/* End PBXProject section */

/* Begin PBXResourcesBuildPhase section */
		1EE3771D25CB2643006DD12B /* Resources */ = {
			isa = PBXResourcesBuildPhase;
			buildActionMask = 2147483647;
			files = (
				1EE3772F25CB2644006DD12B /* LaunchScreen.storyboard in Resources */,
				1EE3772C25CB2644006DD12B /* Assets.xcassets in Resources */,
				1EE3772A25CB2643006DD12B /* Main.storyboard in Resources */,
				43A15617267003B400CC7E12 /* Localizable.stringsdict in Resources */,
				1ED06F2625E4D48A007D333B /* StudentsViewController.storyboard in Resources */,
			);
			runOnlyForDeploymentPostprocessing = 0;
		};
		1EE3773325CB2644006DD12B /* Resources */ = {
			isa = PBXResourcesBuildPhase;
			buildActionMask = 2147483647;
			files = (
			);
			runOnlyForDeploymentPostprocessing = 0;
		};
		1EE3773E25CB2644006DD12B /* Resources */ = {
			isa = PBXResourcesBuildPhase;
			buildActionMask = 2147483647;
			files = (
			);
			runOnlyForDeploymentPostprocessing = 0;
		};
/* End PBXResourcesBuildPhase section */

/* Begin PBXSourcesBuildPhase section */
		1EE3771B25CB2643006DD12B /* Sources */ = {
			isa = PBXSourcesBuildPhase;
			buildActionMask = 2147483647;
			files = (
				1ED06F2125E4D47C007D333B /* StudentsViewController.swift in Sources */,
				1EE3772725CB2643006DD12B /* ViewController.swift in Sources */,
				1EE3772325CB2643006DD12B /* AppDelegate.swift in Sources */,
				1EE3772525CB2643006DD12B /* SceneDelegate.swift in Sources */,
			);
			runOnlyForDeploymentPostprocessing = 0;
		};
		1EE3773125CB2644006DD12B /* Sources */ = {
			isa = PBXSourcesBuildPhase;
			buildActionMask = 2147483647;
			files = (
				1EE3773A25CB2644006DD12B /* AccessibilityTaskTests.swift in Sources */,
			);
			runOnlyForDeploymentPostprocessing = 0;
		};
		1EE3773C25CB2644006DD12B /* Sources */ = {
			isa = PBXSourcesBuildPhase;
			buildActionMask = 2147483647;
			files = (
				1EE3774525CB2644006DD12B /* AccessibilityTaskUITests.swift in Sources */,
			);
			runOnlyForDeploymentPostprocessing = 0;
		};
/* End PBXSourcesBuildPhase section */

/* Begin PBXTargetDependency section */
		1EE3773725CB2644006DD12B /* PBXTargetDependency */ = {
			isa = PBXTargetDependency;
			target = 1EE3771E25CB2643006DD12B /* AccessibilityTask */;
			targetProxy = 1EE3773625CB2644006DD12B /* PBXContainerItemProxy */;
		};
		1EE3774225CB2644006DD12B /* PBXTargetDependency */ = {
			isa = PBXTargetDependency;
			target = 1EE3771E25CB2643006DD12B /* AccessibilityTask */;
			targetProxy = 1EE3774125CB2644006DD12B /* PBXContainerItemProxy */;
		};
/* End PBXTargetDependency section */

/* Begin PBXVariantGroup section */
		1EE3772825CB2643006DD12B /* Main.storyboard */ = {
			isa = PBXVariantGroup;
			children = (
				1EE3772925CB2643006DD12B /* Base */,
			);
			name = Main.storyboard;
			sourceTree = "<group>";
		};
		1EE3772D25CB2644006DD12B /* LaunchScreen.storyboard */ = {
			isa = PBXVariantGroup;
			children = (
				1EE3772E25CB2644006DD12B /* Base */,
			);
			name = LaunchScreen.storyboard;
			sourceTree = "<group>";
		};
/* End PBXVariantGroup section */

/* Begin XCBuildConfiguration section */
		1EE3774725CB2644006DD12B /* Debug */ = {
			isa = XCBuildConfiguration;
			buildSettings = {
				ALWAYS_SEARCH_USER_PATHS = NO;
				CLANG_ANALYZER_NONNULL = YES;
				CLANG_ANALYZER_NUMBER_OBJECT_CONVERSION = YES_AGGRESSIVE;
				CLANG_CXX_LANGUAGE_STANDARD = "gnu++14";
				CLANG_CXX_LIBRARY = "libc++";
				CLANG_ENABLE_MODULES = YES;
				CLANG_ENABLE_OBJC_ARC = YES;
				CLANG_ENABLE_OBJC_WEAK = YES;
				CLANG_WARN_BLOCK_CAPTURE_AUTORELEASING = YES;
				CLANG_WARN_BOOL_CONVERSION = YES;
				CLANG_WARN_COMMA = YES;
				CLANG_WARN_CONSTANT_CONVERSION = YES;
				CLANG_WARN_DEPRECATED_OBJC_IMPLEMENTATIONS = YES;
				CLANG_WARN_DIRECT_OBJC_ISA_USAGE = YES_ERROR;
				CLANG_WARN_DOCUMENTATION_COMMENTS = YES;
				CLANG_WARN_EMPTY_BODY = YES;
				CLANG_WARN_ENUM_CONVERSION = YES;
				CLANG_WARN_INFINITE_RECURSION = YES;
				CLANG_WARN_INT_CONVERSION = YES;
				CLANG_WARN_NON_LITERAL_NULL_CONVERSION = YES;
				CLANG_WARN_OBJC_IMPLICIT_RETAIN_SELF = YES;
				CLANG_WARN_OBJC_LITERAL_CONVERSION = YES;
				CLANG_WARN_OBJC_ROOT_CLASS = YES_ERROR;
				CLANG_WARN_QUOTED_INCLUDE_IN_FRAMEWORK_HEADER = YES;
				CLANG_WARN_RANGE_LOOP_ANALYSIS = YES;
				CLANG_WARN_STRICT_PROTOTYPES = YES;
				CLANG_WARN_SUSPICIOUS_MOVE = YES;
				CLANG_WARN_UNGUARDED_AVAILABILITY = YES_AGGRESSIVE;
				CLANG_WARN_UNREACHABLE_CODE = YES;
				CLANG_WARN__DUPLICATE_METHOD_MATCH = YES;
				COPY_PHASE_STRIP = NO;
				DEBUG_INFORMATION_FORMAT = dwarf;
				ENABLE_STRICT_OBJC_MSGSEND = YES;
				ENABLE_TESTABILITY = YES;
				GCC_C_LANGUAGE_STANDARD = gnu11;
				GCC_DYNAMIC_NO_PIC = NO;
				GCC_NO_COMMON_BLOCKS = YES;
				GCC_OPTIMIZATION_LEVEL = 0;
				GCC_PREPROCESSOR_DEFINITIONS = (
					"DEBUG=1",
					"$(inherited)",
				);
				GCC_WARN_64_TO_32_BIT_CONVERSION = YES;
				GCC_WARN_ABOUT_RETURN_TYPE = YES_ERROR;
				GCC_WARN_UNDECLARED_SELECTOR = YES;
				GCC_WARN_UNINITIALIZED_AUTOS = YES_AGGRESSIVE;
				GCC_WARN_UNUSED_FUNCTION = YES;
				GCC_WARN_UNUSED_VARIABLE = YES;
				IPHONEOS_DEPLOYMENT_TARGET = 14.1;
				MTL_ENABLE_DEBUG_INFO = INCLUDE_SOURCE;
				MTL_FAST_MATH = YES;
				ONLY_ACTIVE_ARCH = YES;
				SDKROOT = iphoneos;
				SWIFT_ACTIVE_COMPILATION_CONDITIONS = DEBUG;
				SWIFT_OPTIMIZATION_LEVEL = "-Onone";
			};
			name = Debug;
		};
		1EE3774825CB2644006DD12B /* Release */ = {
			isa = XCBuildConfiguration;
			buildSettings = {
				ALWAYS_SEARCH_USER_PATHS = NO;
				CLANG_ANALYZER_NONNULL = YES;
				CLANG_ANALYZER_NUMBER_OBJECT_CONVERSION = YES_AGGRESSIVE;
				CLANG_CXX_LANGUAGE_STANDARD = "gnu++14";
				CLANG_CXX_LIBRARY = "libc++";
				CLANG_ENABLE_MODULES = YES;
				CLANG_ENABLE_OBJC_ARC = YES;
				CLANG_ENABLE_OBJC_WEAK = YES;
				CLANG_WARN_BLOCK_CAPTURE_AUTORELEASING = YES;
				CLANG_WARN_BOOL_CONVERSION = YES;
				CLANG_WARN_COMMA = YES;
				CLANG_WARN_CONSTANT_CONVERSION = YES;
				CLANG_WARN_DEPRECATED_OBJC_IMPLEMENTATIONS = YES;
				CLANG_WARN_DIRECT_OBJC_ISA_USAGE = YES_ERROR;
				CLANG_WARN_DOCUMENTATION_COMMENTS = YES;
				CLANG_WARN_EMPTY_BODY = YES;
				CLANG_WARN_ENUM_CONVERSION = YES;
				CLANG_WARN_INFINITE_RECURSION = YES;
				CLANG_WARN_INT_CONVERSION = YES;
				CLANG_WARN_NON_LITERAL_NULL_CONVERSION = YES;
				CLANG_WARN_OBJC_IMPLICIT_RETAIN_SELF = YES;
				CLANG_WARN_OBJC_LITERAL_CONVERSION = YES;
				CLANG_WARN_OBJC_ROOT_CLASS = YES_ERROR;
				CLANG_WARN_QUOTED_INCLUDE_IN_FRAMEWORK_HEADER = YES;
				CLANG_WARN_RANGE_LOOP_ANALYSIS = YES;
				CLANG_WARN_STRICT_PROTOTYPES = YES;
				CLANG_WARN_SUSPICIOUS_MOVE = YES;
				CLANG_WARN_UNGUARDED_AVAILABILITY = YES_AGGRESSIVE;
				CLANG_WARN_UNREACHABLE_CODE = YES;
				CLANG_WARN__DUPLICATE_METHOD_MATCH = YES;
				COPY_PHASE_STRIP = NO;
				DEBUG_INFORMATION_FORMAT = "dwarf-with-dsym";
				ENABLE_NS_ASSERTIONS = NO;
				ENABLE_STRICT_OBJC_MSGSEND = YES;
				GCC_C_LANGUAGE_STANDARD = gnu11;
				GCC_NO_COMMON_BLOCKS = YES;
				GCC_WARN_64_TO_32_BIT_CONVERSION = YES;
				GCC_WARN_ABOUT_RETURN_TYPE = YES_ERROR;
				GCC_WARN_UNDECLARED_SELECTOR = YES;
				GCC_WARN_UNINITIALIZED_AUTOS = YES_AGGRESSIVE;
				GCC_WARN_UNUSED_FUNCTION = YES;
				GCC_WARN_UNUSED_VARIABLE = YES;
				IPHONEOS_DEPLOYMENT_TARGET = 14.1;
				MTL_ENABLE_DEBUG_INFO = NO;
				MTL_FAST_MATH = YES;
				SDKROOT = iphoneos;
				SWIFT_COMPILATION_MODE = wholemodule;
				SWIFT_OPTIMIZATION_LEVEL = "-O";
				VALIDATE_PRODUCT = YES;
			};
			name = Release;
		};
		1EE3774A25CB2644006DD12B /* Debug */ = {
			isa = XCBuildConfiguration;
			buildSettings = {
				ASSETCATALOG_COMPILER_APPICON_NAME = AppIcon;
				ASSETCATALOG_COMPILER_GLOBAL_ACCENT_COLOR_NAME = AccentColor;
				CODE_SIGN_STYLE = Automatic;
				INFOPLIST_FILE = AccessibilityTask/Default/Info.plist;
				LD_RUNPATH_SEARCH_PATHS = (
					"$(inherited)",
					"@executable_path/Frameworks",
				);
				PRODUCT_BUNDLE_IDENTIFIER = a11y.AccessibilityTask;
				PRODUCT_NAME = "$(TARGET_NAME)";
				SWIFT_VERSION = 5.0;
				TARGETED_DEVICE_FAMILY = "1,2";
			};
			name = Debug;
		};
		1EE3774B25CB2644006DD12B /* Release */ = {
			isa = XCBuildConfiguration;
			buildSettings = {
				ASSETCATALOG_COMPILER_APPICON_NAME = AppIcon;
				ASSETCATALOG_COMPILER_GLOBAL_ACCENT_COLOR_NAME = AccentColor;
				CODE_SIGN_STYLE = Automatic;
				INFOPLIST_FILE = AccessibilityTask/Default/Info.plist;
				LD_RUNPATH_SEARCH_PATHS = (
					"$(inherited)",
					"@executable_path/Frameworks",
				);
				PRODUCT_BUNDLE_IDENTIFIER = a11y.AccessibilityTask;
				PRODUCT_NAME = "$(TARGET_NAME)";
				SWIFT_VERSION = 5.0;
				TARGETED_DEVICE_FAMILY = "1,2";
			};
			name = Release;
		};
		1EE3774D25CB2644006DD12B /* Debug */ = {
			isa = XCBuildConfiguration;
			buildSettings = {
				ALWAYS_EMBED_SWIFT_STANDARD_LIBRARIES = YES;
				BUNDLE_LOADER = "$(TEST_HOST)";
				CODE_SIGN_STYLE = Automatic;
				INFOPLIST_FILE = AccessibilityTaskTests/Info.plist;
				IPHONEOS_DEPLOYMENT_TARGET = 14.4;
				LD_RUNPATH_SEARCH_PATHS = (
					"$(inherited)",
					"@executable_path/Frameworks",
					"@loader_path/Frameworks",
				);
				PRODUCT_BUNDLE_IDENTIFIER = a11y.AccessibilityTaskTests;
				PRODUCT_NAME = "$(TARGET_NAME)";
				SWIFT_VERSION = 5.0;
				TARGETED_DEVICE_FAMILY = "1,2";
				TEST_HOST = "$(BUILT_PRODUCTS_DIR)/AccessibilityTask.app/AccessibilityTask";
			};
			name = Debug;
		};
		1EE3774E25CB2644006DD12B /* Release */ = {
			isa = XCBuildConfiguration;
			buildSettings = {
				ALWAYS_EMBED_SWIFT_STANDARD_LIBRARIES = YES;
				BUNDLE_LOADER = "$(TEST_HOST)";
				CODE_SIGN_STYLE = Automatic;
				INFOPLIST_FILE = AccessibilityTaskTests/Info.plist;
				IPHONEOS_DEPLOYMENT_TARGET = 14.4;
				LD_RUNPATH_SEARCH_PATHS = (
					"$(inherited)",
					"@executable_path/Frameworks",
					"@loader_path/Frameworks",
				);
				PRODUCT_BUNDLE_IDENTIFIER = a11y.AccessibilityTaskTests;
				PRODUCT_NAME = "$(TARGET_NAME)";
				SWIFT_VERSION = 5.0;
				TARGETED_DEVICE_FAMILY = "1,2";
				TEST_HOST = "$(BUILT_PRODUCTS_DIR)/AccessibilityTask.app/AccessibilityTask";
			};
			name = Release;
		};
		1EE3775025CB2644006DD12B /* Debug */ = {
			isa = XCBuildConfiguration;
			buildSettings = {
				ALWAYS_EMBED_SWIFT_STANDARD_LIBRARIES = YES;
				CODE_SIGN_STYLE = Automatic;
				INFOPLIST_FILE = AccessibilityTaskUITests/Info.plist;
				LD_RUNPATH_SEARCH_PATHS = (
					"$(inherited)",
					"@executable_path/Frameworks",
					"@loader_path/Frameworks",
				);
				PRODUCT_BUNDLE_IDENTIFIER = a11y.AccessibilityTaskUITests;
				PRODUCT_NAME = "$(TARGET_NAME)";
				SWIFT_VERSION = 5.0;
				TARGETED_DEVICE_FAMILY = "1,2";
				TEST_TARGET_NAME = AccessibilityTask;
			};
			name = Debug;
		};
		1EE3775125CB2644006DD12B /* Release */ = {
			isa = XCBuildConfiguration;
			buildSettings = {
				ALWAYS_EMBED_SWIFT_STANDARD_LIBRARIES = YES;
				CODE_SIGN_STYLE = Automatic;
				INFOPLIST_FILE = AccessibilityTaskUITests/Info.plist;
				LD_RUNPATH_SEARCH_PATHS = (
					"$(inherited)",
					"@executable_path/Frameworks",
					"@loader_path/Frameworks",
				);
				PRODUCT_BUNDLE_IDENTIFIER = a11y.AccessibilityTaskUITests;
				PRODUCT_NAME = "$(TARGET_NAME)";
				SWIFT_VERSION = 5.0;
				TARGETED_DEVICE_FAMILY = "1,2";
				TEST_TARGET_NAME = AccessibilityTask;
			};
			name = Release;
		};
/* End XCBuildConfiguration section */

/* Begin XCConfigurationList section */
		1EE3771A25CB2643006DD12B /* Build configuration list for PBXProject "AccessibilityTask" */ = {
			isa = XCConfigurationList;
			buildConfigurations = (
				1EE3774725CB2644006DD12B /* Debug */,
				1EE3774825CB2644006DD12B /* Release */,
			);
			defaultConfigurationIsVisible = 0;
			defaultConfigurationName = Release;
		};
		1EE3774925CB2644006DD12B /* Build configuration list for PBXNativeTarget "AccessibilityTask" */ = {
			isa = XCConfigurationList;
			buildConfigurations = (
				1EE3774A25CB2644006DD12B /* Debug */,
				1EE3774B25CB2644006DD12B /* Release */,
			);
			defaultConfigurationIsVisible = 0;
			defaultConfigurationName = Release;
		};
		1EE3774C25CB2644006DD12B /* Build configuration list for PBXNativeTarget "AccessibilityTaskTests" */ = {
			isa = XCConfigurationList;
			buildConfigurations = (
				1EE3774D25CB2644006DD12B /* Debug */,
				1EE3774E25CB2644006DD12B /* Release */,
			);
			defaultConfigurationIsVisible = 0;
			defaultConfigurationName = Release;
		};
		1EE3774F25CB2644006DD12B /* Build configuration list for PBXNativeTarget "AccessibilityTaskUITests" */ = {
			isa = XCConfigurationList;
			buildConfigurations = (
				1EE3775025CB2644006DD12B /* Debug */,
				1EE3775125CB2644006DD12B /* Release */,
			);
			defaultConfigurationIsVisible = 0;
			defaultConfigurationName = Release;
		};
/* End XCConfigurationList section */
	};
	rootObject = 1EE3771725CB2643006DD12B /* Project object */;
}
